
Microsoft Visual Studio Solution File, Format Version 12.00
# Visual Studio 15
VisualStudioVersion = 15.0.28307.421
MinimumVisualStudioVersion = 10.0.40219.1
Project("{FAE04EC0-301F-11D3-BF4B-00C04F79EFBC}") = "MSI2", "MSI2\MSI2.csproj", "{93958EE0-C8CD-4C09-889E-9188CAE613F3}"
EndProject
Global
	GlobalSection(SolutionConfigurationPlatforms) = preSolution
		Debug|Any CPU = Debug|Any CPU
		Release|Any CPU = Release|Any CPU
	EndGlobalSection
	GlobalSection(ProjectConfigurationPlatforms) = postSolution
		{93958EE0-C8CD-4C09-889E-9188CAE613F3}.Debug|Any CPU.ActiveCfg = Debug|Any CPU
		{93958EE0-C8CD-4C09-889E-9188CAE613F3}.Debug|Any CPU.Build.0 = Debug|Any CPU
		{93958EE0-C8CD-4C09-889E-9188CAE613F3}.Release|Any CPU.ActiveCfg = Release|Any CPU
		{93958EE0-C8CD-4C09-889E-9188CAE613F3}.Release|Any CPU.Build.0 = Release|Any CPU
	EndGlobalSection
	GlobalSection(SolutionProperties) = preSolution
		HideSolutionNode = FALSE
	EndGlobalSection
	GlobalSection(ExtensibilityGlobals) = postSolution
		SolutionGuid = {030D1943-0CD0-429D-898D-515815FE2A96}
	EndGlobalSection
EndGlobal
